// !$*UTF8*$!
{
	archiveVersion = 1;
	classes = {
	};
	objectVersion = 50;
	objects = {

/* Begin PBXBuildFile section */
		1F8323462553554F00DBF8DC /* AppDelegate.swift in Sources */ = {isa = PBXBuildFile; fileRef = 1F8323452553554F00DBF8DC /* AppDelegate.swift */; };
		1F8323482553554F00DBF8DC /* SceneDelegate.swift in Sources */ = {isa = PBXBuildFile; fileRef = 1F8323472553554F00DBF8DC /* SceneDelegate.swift */; };
		1F83234D2553554F00DBF8DC /* Main.storyboard in Resources */ = {isa = PBXBuildFile; fileRef = 1F83234B2553554F00DBF8DC /* Main.storyboard */; };
		1F83234F2553555200DBF8DC /* Assets.xcassets in Resources */ = {isa = PBXBuildFile; fileRef = 1F83234E2553555200DBF8DC /* Assets.xcassets */; };
		1F8323522553555200DBF8DC /* LaunchScreen.storyboard in Resources */ = {isa = PBXBuildFile; fileRef = 1F8323502553555200DBF8DC /* LaunchScreen.storyboard */; };
		1F83235C2553561100DBF8DC /* MainTableViewController.swift in Sources */ = {isa = PBXBuildFile; fileRef = 1F83235B2553561100DBF8DC /* MainTableViewController.swift */; };
		1F83235F255356CE00DBF8DC /* SecondTableViewController.swift in Sources */ = {isa = PBXBuildFile; fileRef = 1F83235E255356CE00DBF8DC /* SecondTableViewController.swift */; };
		1F832362255357D700DBF8DC /* DetailUIViewController.swift in Sources */ = {isa = PBXBuildFile; fileRef = 1F832361255357D700DBF8DC /* DetailUIViewController.swift */; };
		1F83236C2553593700DBF8DC /* Person.swift in Sources */ = {isa = PBXBuildFile; fileRef = 1F83236B2553593700DBF8DC /* Person.swift */; };
		1F83236F255359A900DBF8DC /* DataManager.swift in Sources */ = {isa = PBXBuildFile; fileRef = 1F83236E255359A900DBF8DC /* DataManager.swift */; };
		1F8323722553689F00DBF8DC /* TabBarController.swift in Sources */ = {isa = PBXBuildFile; fileRef = 1F8323712553689F00DBF8DC /* TabBarController.swift */; };
/* End PBXBuildFile section */

/* Begin PBXFileReference section */
		1F8323422553554F00DBF8DC /* hw7TableView.app */ = {isa = PBXFileReference; explicitFileType = wrapper.application; includeInIndex = 0; path = hw7TableView.app; sourceTree = BUILT_PRODUCTS_DIR; };
		1F8323452553554F00DBF8DC /* AppDelegate.swift */ = {isa = PBXFileReference; lastKnownFileType = sourcecode.swift; path = AppDelegate.swift; sourceTree = "<group>"; };
		1F8323472553554F00DBF8DC /* SceneDelegate.swift */ = {isa = PBXFileReference; lastKnownFileType = sourcecode.swift; path = SceneDelegate.swift; sourceTree = "<group>"; };
		1F83234C2553554F00DBF8DC /* Base */ = {isa = PBXFileReference; lastKnownFileType = file.storyboard; name = Base; path = Base.lproj/Main.storyboard; sourceTree = "<group>"; };
		1F83234E2553555200DBF8DC /* Assets.xcassets */ = {isa = PBXFileReference; lastKnownFileType = folder.assetcatalog; path = Assets.xcassets; sourceTree = "<group>"; };
		1F8323512553555200DBF8DC /* Base */ = {isa = PBXFileReference; lastKnownFileType = file.storyboard; name = Base; path = Base.lproj/LaunchScreen.storyboard; sourceTree = "<group>"; };
		1F8323532553555200DBF8DC /* Info.plist */ = {isa = PBXFileReference; lastKnownFileType = text.plist.xml; path = Info.plist; sourceTree = "<group>"; };
		1F83235B2553561100DBF8DC /* MainTableViewController.swift */ = {isa = PBXFileReference; lastKnownFileType = sourcecode.swift; path = MainTableViewController.swift; sourceTree = "<group>"; };
		1F83235E255356CE00DBF8DC /* SecondTableViewController.swift */ = {isa = PBXFileReference; lastKnownFileType = sourcecode.swift; path = SecondTableViewController.swift; sourceTree = "<group>"; };
		1F832361255357D700DBF8DC /* DetailUIViewController.swift */ = {isa = PBXFileReference; lastKnownFileType = sourcecode.swift; path = DetailUIViewController.swift; sourceTree = "<group>"; };
		1F83236B2553593700DBF8DC /* Person.swift */ = {isa = PBXFileReference; lastKnownFileType = sourcecode.swift; path = Person.swift; sourceTree = "<group>"; };
		1F83236E255359A900DBF8DC /* DataManager.swift */ = {isa = PBXFileReference; lastKnownFileType = sourcecode.swift; path = DataManager.swift; sourceTree = "<group>"; };
		1F8323712553689F00DBF8DC /* TabBarController.swift */ = {isa = PBXFileReference; lastKnownFileType = sourcecode.swift; path = TabBarController.swift; sourceTree = "<group>"; };
/* End PBXFileReference section */

/* Begin PBXFrameworksBuildPhase section */
		1F83233F2553554F00DBF8DC /* Frameworks */ = {
			isa = PBXFrameworksBuildPhase;
			buildActionMask = 2147483647;
			files = (
			);
			runOnlyForDeploymentPostprocessing = 0;
		};
/* End PBXFrameworksBuildPhase section */

/* Begin PBXGroup section */
		1F8323392553554F00DBF8DC = {
			isa = PBXGroup;
			children = (
				1F8323442553554F00DBF8DC /* hw7TableView */,
				1F8323432553554F00DBF8DC /* Products */,
			);
			sourceTree = "<group>";
		};
		1F8323432553554F00DBF8DC /* Products */ = {
			isa = PBXGroup;
			children = (
				1F8323422553554F00DBF8DC /* hw7TableView.app */,
			);
			name = Products;
			sourceTree = "<group>";
		};
		1F8323442553554F00DBF8DC /* hw7TableView */ = {
			isa = PBXGroup;
			children = (
				1F8323642553582C00DBF8DC /* Supporting Files */,
				1F83234B2553554F00DBF8DC /* Main.storyboard */,
				1F8323502553555200DBF8DC /* LaunchScreen.storyboard */,
				1F8323682553585500DBF8DC /* Model */,
				1F8323662553584500DBF8DC /* Controllers */,
				1F83234E2553555200DBF8DC /* Assets.xcassets */,
			);
			path = hw7TableView;
			sourceTree = "<group>";
		};
		1F8323642553582C00DBF8DC /* Supporting Files */ = {
			isa = PBXGroup;
			children = (
				1F8323452553554F00DBF8DC /* AppDelegate.swift */,
				1F8323472553554F00DBF8DC /* SceneDelegate.swift */,
				1F8323532553555200DBF8DC /* Info.plist */,
			);
			path = "Supporting Files";
			sourceTree = "<group>";
		};
		1F8323662553584500DBF8DC /* Controllers */ = {
			isa = PBXGroup;
			children = (
				1F832361255357D700DBF8DC /* DetailUIViewController.swift */,
				1F83235E255356CE00DBF8DC /* SecondTableViewController.swift */,
				1F83235B2553561100DBF8DC /* MainTableViewController.swift */,
				1F8323712553689F00DBF8DC /* TabBarController.swift */,
			);
			path = Controllers;
			sourceTree = "<group>";
		};
		1F8323682553585500DBF8DC /* Model */ = {
			isa = PBXGroup;
			children = (
				1F83236B2553593700DBF8DC /* Person.swift */,
				1F83236E255359A900DBF8DC /* DataManager.swift */,
			);
			path = Model;
			sourceTree = "<group>";
		};
/* End PBXGroup section */

/* Begin PBXNativeTarget section */
		1F8323412553554F00DBF8DC /* hw7TableView */ = {
			isa = PBXNativeTarget;
			buildConfigurationList = 1F8323562553555200DBF8DC /* Build configuration list for PBXNativeTarget "hw7TableView" */;
			buildPhases = (
				1F83233E2553554F00DBF8DC /* Sources */,
				1F83233F2553554F00DBF8DC /* Frameworks */,
				1F8323402553554F00DBF8DC /* Resources */,
			);
			buildRules = (
			);
			dependencies = (
			);
			name = hw7TableView;
			productName = hw7TableView;
			productReference = 1F8323422553554F00DBF8DC /* hw7TableView.app */;
			productType = "com.apple.product-type.application";
		};
/* End PBXNativeTarget section */

/* Begin PBXProject section */
		1F83233A2553554F00DBF8DC /* Project object */ = {
			isa = PBXProject;
			attributes = {
				LastSwiftUpdateCheck = 1210;
				LastUpgradeCheck = 1210;
				TargetAttributes = {
					1F8323412553554F00DBF8DC = {
						CreatedOnToolsVersion = 12.1;
					};
				};
			};
			buildConfigurationList = 1F83233D2553554F00DBF8DC /* Build configuration list for PBXProject "hw7TableView" */;
			compatibilityVersion = "Xcode 9.3";
			developmentRegion = en;
			hasScannedForEncodings = 0;
			knownRegions = (
				en,
				Base,
			);
			mainGroup = 1F8323392553554F00DBF8DC;
			productRefGroup = 1F8323432553554F00DBF8DC /* Products */;
			projectDirPath = "";
			projectRoot = "";
			targets = (
				1F8323412553554F00DBF8DC /* hw7TableView */,
			);
		};
/* End PBXProject section */

/* Begin PBXResourcesBuildPhase section */
		1F8323402553554F00DBF8DC /* Resources */ = {
			isa = PBXResourcesBuildPhase;
			buildActionMask = 2147483647;
			files = (
				1F8323522553555200DBF8DC /* LaunchScreen.storyboard in Resources */,
				1F83234F2553555200DBF8DC /* Assets.xcassets in Resources */,
				1F83234D2553554F00DBF8DC /* Main.storyboard in Resources */,
			);
			runOnlyForDeploymentPostprocessing = 0;
		};
/* End PBXResourcesBuildPhase section */

/* Begin PBXSourcesBuildPhase section */
		1F83233E2553554F00DBF8DC /* Sources */ = {
			isa = PBXSourcesBuildPhase;
			buildActionMask = 2147483647;
			files = (
				1F83236C2553593700DBF8DC /* Person.swift in Sources */,
				1F8323722553689F00DBF8DC /* TabBarController.swift in Sources */,
				1F8323462553554F00DBF8DC /* AppDelegate.swift in Sources */,
				1F83235F255356CE00DBF8DC /* SecondTableViewController.swift in Sources */,
				1F83236F255359A900DBF8DC /* DataManager.swift in Sources */,
				1F83235C2553561100DBF8DC /* MainTableViewController.swift in Sources */,
				1F832362255357D700DBF8DC /* DetailUIViewController.swift in Sources */,
				1F8323482553554F00DBF8DC /* SceneDelegate.swift in Sources */,
			);
			runOnlyForDeploymentPostprocessing = 0;
		};
/* End PBXSourcesBuildPhase section */

/* Begin PBXVariantGroup section */
		1F83234B2553554F00DBF8DC /* Main.storyboard */ = {
			isa = PBXVariantGroup;
			children = (
				1F83234C2553554F00DBF8DC /* Base */,
			);
			name = Main.storyboard;
			sourceTree = "<group>";
		};
		1F8323502553555200DBF8DC /* LaunchScreen.storyboard */ = {
			isa = PBXVariantGroup;
			children = (
				1F8323512553555200DBF8DC /* Base */,
			);
			name = LaunchScreen.storyboard;
			sourceTree = "<group>";
		};
/* End PBXVariantGroup section */

/* Begin XCBuildConfiguration section */
		1F8323542553555200DBF8DC /* Debug */ = {
			isa = XCBuildConfiguration;
			buildSettings = {
				ALWAYS_SEARCH_USER_PATHS = NO;
				CLANG_ANALYZER_NONNULL = YES;
				CLANG_ANALYZER_NUMBER_OBJECT_CONVERSION = YES_AGGRESSIVE;
				CLANG_CXX_LANGUAGE_STANDARD = "gnu++14";
				CLANG_CXX_LIBRARY = "libc++";
				CLANG_ENABLE_MODULES = YES;
				CLANG_ENABLE_OBJC_ARC = YES;
				CLANG_ENABLE_OBJC_WEAK = YES;
				CLANG_WARN_BLOCK_CAPTURE_AUTORELEASING = YES;
				CLANG_WARN_BOOL_CONVERSION = YES;
				CLANG_WARN_COMMA = YES;
				CLANG_WARN_CONSTANT_CONVERSION = YES;
				CLANG_WARN_DEPRECATED_OBJC_IMPLEMENTATIONS = YES;
				CLANG_WARN_DIRECT_OBJC_ISA_USAGE = YES_ERROR;
				CLANG_WARN_DOCUMENTATION_COMMENTS = YES;
				CLANG_WARN_EMPTY_BODY = YES;
				CLANG_WARN_ENUM_CONVERSION = YES;
				CLANG_WARN_INFINITE_RECURSION = YES;
				CLANG_WARN_INT_CONVERSION = YES;
				CLANG_WARN_NON_LITERAL_NULL_CONVERSION = YES;
				CLANG_WARN_OBJC_IMPLICIT_RETAIN_SELF = YES;
				CLANG_WARN_OBJC_LITERAL_CONVERSION = YES;
				CLANG_WARN_OBJC_ROOT_CLASS = YES_ERROR;
				CLANG_WARN_QUOTED_INCLUDE_IN_FRAMEWORK_HEADER = YES;
				CLANG_WARN_RANGE_LOOP_ANALYSIS = YES;
				CLANG_WARN_STRICT_PROTOTYPES = YES;
				CLANG_WARN_SUSPICIOUS_MOVE = YES;
				CLANG_WARN_UNGUARDED_AVAILABILITY = YES_AGGRESSIVE;
				CLANG_WARN_UNREACHABLE_CODE = YES;
				CLANG_WARN__DUPLICATE_METHOD_MATCH = YES;
				COPY_PHASE_STRIP = NO;
				DEBUG_INFORMATION_FORMAT = dwarf;
				ENABLE_STRICT_OBJC_MSGSEND = YES;
				ENABLE_TESTABILITY = YES;
				GCC_C_LANGUAGE_STANDARD = gnu11;
				GCC_DYNAMIC_NO_PIC = NO;
				GCC_NO_COMMON_BLOCKS = YES;
				GCC_OPTIMIZATION_LEVEL = 0;
				GCC_PREPROCESSOR_DEFINITIONS = (
					"DEBUG=1",
					"$(inherited)",
				);
				GCC_WARN_64_TO_32_BIT_CONVERSION = YES;
				GCC_WARN_ABOUT_RETURN_TYPE = YES_ERROR;
				GCC_WARN_UNDECLARED_SELECTOR = YES;
				GCC_WARN_UNINITIALIZED_AUTOS = YES_AGGRESSIVE;
				GCC_WARN_UNUSED_FUNCTION = YES;
				GCC_WARN_UNUSED_VARIABLE = YES;
				IPHONEOS_DEPLOYMENT_TARGET = 14.1;
				MTL_ENABLE_DEBUG_INFO = INCLUDE_SOURCE;
				MTL_FAST_MATH = YES;
				ONLY_ACTIVE_ARCH = YES;
				SDKROOT = iphoneos;
				SWIFT_ACTIVE_COMPILATION_CONDITIONS = DEBUG;
				SWIFT_OPTIMIZATION_LEVEL = "-Onone";
			};
			name = Debug;
		};
		1F8323552553555200DBF8DC /* Release */ = {
			isa = XCBuildConfiguration;
			buildSettings = {
				ALWAYS_SEARCH_USER_PATHS = NO;
				CLANG_ANALYZER_NONNULL = YES;
				CLANG_ANALYZER_NUMBER_OBJECT_CONVERSION = YES_AGGRESSIVE;
				CLANG_CXX_LANGUAGE_STANDARD = "gnu++14";
				CLANG_CXX_LIBRARY = "libc++";
				CLANG_ENABLE_MODULES = YES;
				CLANG_ENABLE_OBJC_ARC = YES;
				CLANG_ENABLE_OBJC_WEAK = YES;
				CLANG_WARN_BLOCK_CAPTURE_AUTORELEASING = YES;
				CLANG_WARN_BOOL_CONVERSION = YES;
				CLANG_WARN_COMMA = YES;
				CLANG_WARN_CONSTANT_CONVERSION = YES;
				CLANG_WARN_DEPRECATED_OBJC_IMPLEMENTATIONS = YES;
				CLANG_WARN_DIRECT_OBJC_ISA_USAGE = YES_ERROR;
				CLANG_WARN_DOCUMENTATION_COMMENTS = YES;
				CLANG_WARN_EMPTY_BODY = YES;
				CLANG_WARN_ENUM_CONVERSION = YES;
				CLANG_WARN_INFINITE_RECURSION = YES;
				CLANG_WARN_INT_CONVERSION = YES;
				CLANG_WARN_NON_LITERAL_NULL_CONVERSION = YES;
				CLANG_WARN_OBJC_IMPLICIT_RETAIN_SELF = YES;
				CLANG_WARN_OBJC_LITERAL_CONVERSION = YES;
				CLANG_WARN_OBJC_ROOT_CLASS = YES_ERROR;
				CLANG_WARN_QUOTED_INCLUDE_IN_FRAMEWORK_HEADER = YES;
				CLANG_WARN_RANGE_LOOP_ANALYSIS = YES;
				CLANG_WARN_STRICT_PROTOTYPES = YES;
				CLANG_WARN_SUSPICIOUS_MOVE = YES;
				CLANG_WARN_UNGUARDED_AVAILABILITY = YES_AGGRESSIVE;
				CLANG_WARN_UNREACHABLE_CODE = YES;
				CLANG_WARN__DUPLICATE_METHOD_MATCH = YES;
				COPY_PHASE_STRIP = NO;
				DEBUG_INFORMATION_FORMAT = "dwarf-with-dsym";
				ENABLE_NS_ASSERTIONS = NO;
				ENABLE_STRICT_OBJC_MSGSEND = YES;
				GCC_C_LANGUAGE_STANDARD = gnu11;
				GCC_NO_COMMON_BLOCKS = YES;
				GCC_WARN_64_TO_32_BIT_CONVERSION = YES;
				GCC_WARN_ABOUT_RETURN_TYPE = YES_ERROR;
				GCC_WARN_UNDECLARED_SELECTOR = YES;
				GCC_WARN_UNINITIALIZED_AUTOS = YES_AGGRESSIVE;
				GCC_WARN_UNUSED_FUNCTION = YES;
				GCC_WARN_UNUSED_VARIABLE = YES;
				IPHONEOS_DEPLOYMENT_TARGET = 14.1;
				MTL_ENABLE_DEBUG_INFO = NO;
				MTL_FAST_MATH = YES;
				SDKROOT = iphoneos;
				SWIFT_COMPILATION_MODE = wholemodule;
				SWIFT_OPTIMIZATION_LEVEL = "-O";
				VALIDATE_PRODUCT = YES;
			};
			name = Release;
		};
		1F8323572553555200DBF8DC /* Debug */ = {
			isa = XCBuildConfiguration;
			buildSettings = {
				ASSETCATALOG_COMPILER_APPICON_NAME = AppIcon;
				ASSETCATALOG_COMPILER_GLOBAL_ACCENT_COLOR_NAME = AccentColor;
				CODE_SIGN_STYLE = Automatic;
				DEVELOPMENT_TEAM = 67Q5VK8T9L;
				INFOPLIST_FILE = "hw7TableView/Supporting Files/Info.plist";
				LD_RUNPATH_SEARCH_PATHS = (
					"$(inherited)",
					"@executable_path/Frameworks",
				);
				PRODUCT_BUNDLE_IDENTIFIER = dfk.hw7TableView;
				PRODUCT_NAME = "$(TARGET_NAME)";
				SWIFT_VERSION = 5.0;
				TARGETED_DEVICE_FAMILY = "1,2";
			};
			name = Debug;
		};
		1F8323582553555200DBF8DC /* Release */ = {
			isa = XCBuildConfiguration;
			buildSettings = {
				ASSETCATALOG_COMPILER_APPICON_NAME = AppIcon;
				ASSETCATALOG_COMPILER_GLOBAL_ACCENT_COLOR_NAME = AccentColor;
				CODE_SIGN_STYLE = Automatic;
				DEVELOPMENT_TEAM = 67Q5VK8T9L;
				INFOPLIST_FILE = "hw7TableView/Supporting Files/Info.plist";
				LD_RUNPATH_SEARCH_PATHS = (
					"$(inherited)",
					"@executable_path/Frameworks",
				);
				PRODUCT_BUNDLE_IDENTIFIER = dfk.hw7TableView;
				PRODUCT_NAME = "$(TARGET_NAME)";
				SWIFT_VERSION = 5.0;
				TARGETED_DEVICE_FAMILY = "1,2";
			};
			name = Release;
		};
/* End XCBuildConfiguration section */

/* Begin XCConfigurationList section */
		1F83233D2553554F00DBF8DC /* Build configuration list for PBXProject "hw7TableView" */ = {
			isa = XCConfigurationList;
			buildConfigurations = (
				1F8323542553555200DBF8DC /* Debug */,
				1F8323552553555200DBF8DC /* Release */,
			);
			defaultConfigurationIsVisible = 0;
			defaultConfigurationName = Release;
		};
		1F8323562553555200DBF8DC /* Build configuration list for PBXNativeTarget "hw7TableView" */ = {
			isa = XCConfigurationList;
			buildConfigurations = (
				1F8323572553555200DBF8DC /* Debug */,
				1F8323582553555200DBF8DC /* Release */,
			);
			defaultConfigurationIsVisible = 0;
			defaultConfigurationName = Release;
		};
/* End XCConfigurationList section */
	};
	rootObject = 1F83233A2553554F00DBF8DC /* Project object */;
}
